
Microsoft Visual Studio Solution File, Format Version 12.00
# Visual Studio Version 16
VisualStudioVersion = 16.0.29613.14
MinimumVisualStudioVersion = 10.0.40219.1
Project("{9A19103F-16F7-4668-BE54-9A1E7A4F7556}") = "ExpenseTracker.Test", "ExpenseTracker.Test\ExpenseTracker.Test.csproj", "{9F3ED27D-FD72-4123-A40F-7B1AED3ABC24}"
	ProjectSection(ProjectDependencies) = postProject
		{7E71DD4A-70CC-48F3-89E2-AD728E2B6EBB} = {7E71DD4A-70CC-48F3-89E2-AD728E2B6EBB}
	EndProjectSection
EndProject
Project("{2150E333-8FDC-42A3-9474-1A3956D46DE8}") = "Solution Items", "Solution Items", "{8E4B9ABC-0085-4A4E-87AF-361E5A8344B8}"
	ProjectSection(SolutionItems) = preProject
		.editorconfig = .editorconfig
	EndProjectSection
EndProject
Project("{9A19103F-16F7-4668-BE54-9A1E7A4F7556}") = "ExpenseTracker.Api", "ExpenseTracker.Api\ExpenseTracker.Api.csproj", "{7E71DD4A-70CC-48F3-89E2-AD728E2B6EBB}"
EndProject
Global
	GlobalSection(SolutionConfigurationPlatforms) = preSolution
		Debug|Any CPU = Debug|Any CPU
		Release|Any CPU = Release|Any CPU
	EndGlobalSection
	GlobalSection(ProjectConfigurationPlatforms) = postSolution
		{9F3ED27D-FD72-4123-A40F-7B1AED3ABC24}.Debug|Any CPU.ActiveCfg = Debug|Any CPU
		{9F3ED27D-FD72-4123-A40F-7B1AED3ABC24}.Debug|Any CPU.Build.0 = Debug|Any CPU
		{9F3ED27D-FD72-4123-A40F-7B1AED3ABC24}.Release|Any CPU.ActiveCfg = Release|Any CPU
		{9F3ED27D-FD72-4123-A40F-7B1AED3ABC24}.Release|Any CPU.Build.0 = Release|Any CPU
		{7E71DD4A-70CC-48F3-89E2-AD728E2B6EBB}.Debug|Any CPU.ActiveCfg = Debug|Any CPU
		{7E71DD4A-70CC-48F3-89E2-AD728E2B6EBB}.Debug|Any CPU.Build.0 = Debug|Any CPU
		{7E71DD4A-70CC-48F3-89E2-AD728E2B6EBB}.Release|Any CPU.ActiveCfg = Release|Any CPU
		{7E71DD4A-70CC-48F3-89E2-AD728E2B6EBB}.Release|Any CPU.Build.0 = Release|Any CPU
	EndGlobalSection
	GlobalSection(SolutionProperties) = preSolution
		HideSolutionNode = FALSE
	EndGlobalSection
	GlobalSection(ExtensibilityGlobals) = postSolution
		SolutionGuid = {93CA2DBC-E57F-4CEF-917C-19797699326C}
	EndGlobalSection
EndGlobal
